
Microsoft Visual Studio Solution File, Format Version 12.00
# Visual Studio Version 16
VisualStudioVersion = 16.0.32106.194
MinimumVisualStudioVersion = 10.0.40219.1
Project("{FAE04EC0-301F-11D3-BF4B-00C04F79EFBC}") = "WebApplication1", "WebApplication1.csproj", "{ABBD3351-9C3F-469D-9C00-23F7691DAFC4}"
EndProject
Global
	GlobalSection(SolutionConfigurationPlatforms) = preSolution
		Debug|Any CPU = Debug|Any CPU
		Release|Any CPU = Release|Any CPU
	EndGlobalSection
	GlobalSection(ProjectConfigurationPlatforms) = postSolution
		{ABBD3351-9C3F-469D-9C00-23F7691DAFC4}.Debug|Any CPU.ActiveCfg = Debug|Any CPU
		{ABBD3351-9C3F-469D-9C00-23F7691DAFC4}.Debug|Any CPU.Build.0 = Debug|Any CPU
		{ABBD3351-9C3F-469D-9C00-23F7691DAFC4}.Release|Any CPU.ActiveCfg = Release|Any CPU
		{ABBD3351-9C3F-469D-9C00-23F7691DAFC4}.Release|Any CPU.Build.0 = Release|Any CPU
	EndGlobalSection
	GlobalSection(SolutionProperties) = preSolution
		HideSolutionNode = FALSE
	EndGlobalSection
	GlobalSection(ExtensibilityGlobals) = postSolution
		SolutionGuid = {C870CDA5-0A41-4C75-9502-41CA950179BA}
	EndGlobalSection
EndGlobal
